// !$*UTF8*$!
{
	archiveVersion = 1;
	classes = {
	};
	objectVersion = 46;
	objects = {

/* Begin PBXBuildFile section */
		AA1289731C8E6E3D00E3DD48 /* people_id_contacts_get.txt in Resources */ = {isa = PBXBuildFile; fileRef = AA1289711C8E6E3D00E3DD48 /* people_id_contacts_get.txt */; };
		AA1289741C8E6E3D00E3DD48 /* people_id_contacts_post.txt in Resources */ = {isa = PBXBuildFile; fileRef = AA1289721C8E6E3D00E3DD48 /* people_id_contacts_post.txt */; };
		AA1289751C8F8CC500E3DD48 /* NBClient+Contacts.h in CopyFiles */ = {isa = PBXBuildFile; fileRef = AA5905631C8E325C00B6643A /* NBClient+Contacts.h */; };
		AA2490521A099312006F0D24 /* NBAccountTests.m in Sources */ = {isa = PBXBuildFile; fileRef = AA2490511A099312006F0D24 /* NBAccountTests.m */; };
		AA2490541A099321006F0D24 /* NBAccountsManagerTests.m in Sources */ = {isa = PBXBuildFile; fileRef = AA2490531A099321006F0D24 /* NBAccountsManagerTests.m */; };
		AA2490561A09C7AE006F0D24 /* NBAccount_Internal.h in CopyFiles */ = {isa = PBXBuildFile; fileRef = AA2490551A09C72B006F0D24 /* NBAccount_Internal.h */; };
		AA3B62A819E8B86700798C49 /* UIKitAdditions.m in Sources */ = {isa = PBXBuildFile; fileRef = AA3B62A719E8B86700798C49 /* UIKitAdditions.m */; };
		AA3B62A919E8BCCE00798C49 /* UIKitAdditions.h in CopyFiles */ = {isa = PBXBuildFile; fileRef = AA3B62A619E8B86700798C49 /* UIKitAdditions.h */; };
		AA3B62AA19E8BCDA00798C49 /* NBAccountsViewDefines.h in CopyFiles */ = {isa = PBXBuildFile; fileRef = AAEFEAF019E6EADC00777BC1 /* NBAccountsViewDefines.h */; };
		AA3B62AC19E8BCE700798C49 /* NBAccountsManager.h in CopyFiles */ = {isa = PBXBuildFile; fileRef = AAEFEAF719E6EE8B00777BC1 /* NBAccountsManager.h */; };
		AA3B62AD19E8BCF200798C49 /* NBAccountsViewController.h in CopyFiles */ = {isa = PBXBuildFile; fileRef = AAEFEAEC19E6E73800777BC1 /* NBAccountsViewController.h */; };
		AA59055D1C891AF400B6643A /* SafariServices.framework in Frameworks */ = {isa = PBXBuildFile; fileRef = AA59055C1C891AF400B6643A /* SafariServices.framework */; };
		AA5905651C8E325C00B6643A /* NBClient+Contacts.m in Sources */ = {isa = PBXBuildFile; fileRef = AA5905641C8E325C00B6643A /* NBClient+Contacts.m */; };
		AA5905671C8E340800B6643A /* NBClientContactsTests.m in Sources */ = {isa = PBXBuildFile; fileRef = AA5905661C8E340800B6643A /* NBClientContactsTests.m */; };
		AA668DC619705FC800A952B0 /* NBTestCase.m in Sources */ = {isa = PBXBuildFile; fileRef = AA668DC519705FC800A952B0 /* NBTestCase.m */; };
		AA668DD11970B81800A952B0 /* FoundationAdditions.m in Sources */ = {isa = PBXBuildFile; fileRef = AA668DD01970B81800A952B0 /* FoundationAdditions.m */; };
		AA668DD41976EA1600A952B0 /* NBClientPeopleTests.m in Sources */ = {isa = PBXBuildFile; fileRef = AA668DD31976EA1600A952B0 /* NBClientPeopleTests.m */; };
		AA668DD61978418F00A952B0 /* FoundationAdditionsTests.m in Sources */ = {isa = PBXBuildFile; fileRef = AA668DD51978418F00A952B0 /* FoundationAdditionsTests.m */; };
		AA674EE519E60170009C6D4B /* UIKit.framework in Frameworks */ = {isa = PBXBuildFile; fileRef = AA674EE419E60170009C6D4B /* UIKit.framework */; };
		AA674F0219E60A54009C6D4B /* UI.h in CopyFiles */ = {isa = PBXBuildFile; fileRef = AA674EFE19E60A2E009C6D4B /* UI.h */; };
		AA674F0719E60CFD009C6D4B /* NBAccountButton.m in Sources */ = {isa = PBXBuildFile; fileRef = AA674F0519E60CFD009C6D4B /* NBAccountButton.m */; };
		AA674F0919E60D1F009C6D4B /* NBAccountButton.h in CopyFiles */ = {isa = PBXBuildFile; fileRef = AA674F0419E60CFD009C6D4B /* NBAccountButton.h */; };
		AA6FF3BE197D95220049B747 /* NBPaginationInfo.m in Sources */ = {isa = PBXBuildFile; fileRef = AA6FF3BD197D95220049B747 /* NBPaginationInfo.m */; };
		AA6FF3C1197DADEA0049B747 /* NBPaginationInfoTests.m in Sources */ = {isa = PBXBuildFile; fileRef = AA6FF3C0197DADEA0049B747 /* NBPaginationInfoTests.m */; };
		AA6FF3C4197DF2E00049B747 /* NBClient+People.m in Sources */ = {isa = PBXBuildFile; fileRef = AA6FF3C3197DF2E00049B747 /* NBClient+People.m */; };
		AA6FF3C8197EDEE60049B747 /* Security.framework in Frameworks */ = {isa = PBXBuildFile; fileRef = AA6FF3C7197EDEE60049B747 /* Security.framework */; };
		AA71A9741A085668005E9231 /* NBAuthenticator_Internal.h in CopyFiles */ = {isa = PBXBuildFile; fileRef = AA71A9731A0855E0005E9231 /* NBAuthenticator_Internal.h */; };
		AA78ED61199AC2F60043B7C0 /* libPods-NBClientTests.a in Frameworks */ = {isa = PBXBuildFile; fileRef = AA78ED60199AC2F60043B7C0 /* libPods-NBClientTests.a */; };
		AA78ED79199C563C0043B7C0 /* people_get.txt in Resources */ = {isa = PBXBuildFile; fileRef = AA78ED71199C563C0043B7C0 /* people_get.txt */; };
		AA78ED7A199C563C0043B7C0 /* people_id_delete.txt in Resources */ = {isa = PBXBuildFile; fileRef = AA78ED72199C563C0043B7C0 /* people_id_delete.txt */; };
		AA78ED7B199C563C0043B7C0 /* people_id_get.txt in Resources */ = {isa = PBXBuildFile; fileRef = AA78ED73199C563C0043B7C0 /* people_id_get.txt */; };
		AA78ED7C199C563C0043B7C0 /* people_id_put.txt in Resources */ = {isa = PBXBuildFile; fileRef = AA78ED74199C563C0043B7C0 /* people_id_put.txt */; };
		AA78ED7D199C563C0043B7C0 /* people_match_get.txt in Resources */ = {isa = PBXBuildFile; fileRef = AA78ED75199C563C0043B7C0 /* people_match_get.txt */; };
		AA78ED7E199C563C0043B7C0 /* people_post.txt in Resources */ = {isa = PBXBuildFile; fileRef = AA78ED76199C563C0043B7C0 /* people_post.txt */; };
		AA78ED7F199C563C0043B7C0 /* people_search_get.txt in Resources */ = {isa = PBXBuildFile; fileRef = AA78ED77199C563C0043B7C0 /* people_search_get.txt */; };
		AA84F04519EC7C9200DAA6B8 /* NationBuilder-Info-Local.plist in Resources */ = {isa = PBXBuildFile; fileRef = AA84F04419EC7C9200DAA6B8 /* NationBuilder-Info-Local.plist */; };
		AA84F04719EC888A00DAA6B8 /* NationBuilder-Info.plist in Resources */ = {isa = PBXBuildFile; fileRef = AA84F04619EC888A00DAA6B8 /* NationBuilder-Info.plist */; };
		AA84F04919EC94A700DAA6B8 /* people_me_get.txt in Resources */ = {isa = PBXBuildFile; fileRef = AA84F04819EC94A700DAA6B8 /* people_me_get.txt */; };
		AA85EB0C1AA85E6300E3CC08 /* people_id_register_get.txt in Resources */ = {isa = PBXBuildFile; fileRef = AA85EB051AA85E6300E3CC08 /* people_id_register_get.txt */; };
		AA85EB0D1AA85E6300E3CC08 /* people_id_taggings_bulk_put.txt in Resources */ = {isa = PBXBuildFile; fileRef = AA85EB061AA85E6300E3CC08 /* people_id_taggings_bulk_put.txt */; };
		AA85EB0E1AA85E6300E3CC08 /* people_id_taggings_delete.txt in Resources */ = {isa = PBXBuildFile; fileRef = AA85EB071AA85E6300E3CC08 /* people_id_taggings_delete.txt */; };
		AA85EB0F1AA85E6300E3CC08 /* people_id_taggings_get.txt in Resources */ = {isa = PBXBuildFile; fileRef = AA85EB081AA85E6300E3CC08 /* people_id_taggings_get.txt */; };
		AA85EB101AA85E6300E3CC08 /* people_id_taggings_put.txt in Resources */ = {isa = PBXBuildFile; fileRef = AA85EB091AA85E6300E3CC08 /* people_id_taggings_put.txt */; };
		AA85EB111AA85E6300E3CC08 /* people_id_taggings_tag_delete.txt in Resources */ = {isa = PBXBuildFile; fileRef = AA85EB0A1AA85E6300E3CC08 /* people_id_taggings_tag_delete.txt */; };
		AA85EB121AA85E6300E3CC08 /* people_nearby_get.txt in Resources */ = {isa = PBXBuildFile; fileRef = AA85EB0B1AA85E6300E3CC08 /* people_nearby_get.txt */; };
		AA85EB141AA8E42100E3CC08 /* NBClientPeopleCapitalsTests.m in Sources */ = {isa = PBXBuildFile; fileRef = AA85EB131AA8E42100E3CC08 /* NBClientPeopleCapitalsTests.m */; };
		AA85EB181AA94FDE00E3CC08 /* people_id_capitals_delete.txt in Resources */ = {isa = PBXBuildFile; fileRef = AA85EB151AA94FDE00E3CC08 /* people_id_capitals_delete.txt */; };
		AA85EB191AA94FDE00E3CC08 /* people_id_capitals_post.txt in Resources */ = {isa = PBXBuildFile; fileRef = AA85EB161AA94FDE00E3CC08 /* people_id_capitals_post.txt */; };
		AA85EB1A1AA94FDE00E3CC08 /* people_id_capitals_get.txt in Resources */ = {isa = PBXBuildFile; fileRef = AA85EB171AA94FDE00E3CC08 /* people_id_capitals_get.txt */; };
		AA862851196F1651005060C9 /* NBAuthenticator.m in Sources */ = {isa = PBXBuildFile; fileRef = AA862850196F1651005060C9 /* NBAuthenticator.m */; };
		AA8B6822196F5539009DDA91 /* NBAuthenticatorTests.m in Sources */ = {isa = PBXBuildFile; fileRef = AA8B6821196F5539009DDA91 /* NBAuthenticatorTests.m */; };
		AA8B6825196F82D4009DDA91 /* NBDefines.m in Sources */ = {isa = PBXBuildFile; fileRef = AA8B6824196F82D4009DDA91 /* NBDefines.m */; };
		AA8BAB5E1AD43CC8003077A2 /* NationBuilder.strings in Resources */ = {isa = PBXBuildFile; fileRef = AA84F04C19EDF36D00DAA6B8 /* NationBuilder.strings */; };
		AA90915319834164009BE1E9 /* Main.h in CopyFiles */ = {isa = PBXBuildFile; fileRef = AABD0029196F1FD6003A745F /* Main.h */; };
		AA90915419834164009BE1E9 /* FoundationAdditions.h in CopyFiles */ = {isa = PBXBuildFile; fileRef = AA668DCF1970B81800A952B0 /* FoundationAdditions.h */; };
		AA90915519834164009BE1E9 /* NBAuthenticator.h in CopyFiles */ = {isa = PBXBuildFile; fileRef = AA86284F196F1651005060C9 /* NBAuthenticator.h */; };
		AA90915619834164009BE1E9 /* NBClient.h in CopyFiles */ = {isa = PBXBuildFile; fileRef = AAAEFC29196CD13D00222A48 /* NBClient.h */; };
		AA90915719834164009BE1E9 /* NBClient_Internal.h in CopyFiles */ = {isa = PBXBuildFile; fileRef = AA6FF3C6197DF5B10049B747 /* NBClient_Internal.h */; };
		AA90915819834164009BE1E9 /* NBClient+People.h in CopyFiles */ = {isa = PBXBuildFile; fileRef = AA6FF3C2197DF2E00049B747 /* NBClient+People.h */; };
		AA90915919834164009BE1E9 /* NBPaginationInfo.h in CopyFiles */ = {isa = PBXBuildFile; fileRef = AA6FF3BC197D95220049B747 /* NBPaginationInfo.h */; };
		AA90915A19834186009BE1E9 /* NBDefines.h in CopyFiles */ = {isa = PBXBuildFile; fileRef = AA8B6823196F82D4009DDA91 /* NBDefines.h */; };
		AA9677691AA79B3900FE2FC9 /* NBClientPeopleTaggingsTests.m in Sources */ = {isa = PBXBuildFile; fileRef = AA9677681AA79B3900FE2FC9 /* NBClientPeopleTaggingsTests.m */; };
		AAAEFC25196CD13D00222A48 /* Foundation.framework in Frameworks */ = {isa = PBXBuildFile; fileRef = AAAEFC24196CD13D00222A48 /* Foundation.framework */; };
		AAAEFC2C196CD13D00222A48 /* NBClient.m in Sources */ = {isa = PBXBuildFile; fileRef = AAAEFC2B196CD13D00222A48 /* NBClient.m */; };
		AAAEFC33196CD13D00222A48 /* XCTest.framework in Frameworks */ = {isa = PBXBuildFile; fileRef = AAAEFC32196CD13D00222A48 /* XCTest.framework */; };
		AAAEFC34196CD13D00222A48 /* Foundation.framework in Frameworks */ = {isa = PBXBuildFile; fileRef = AAAEFC24196CD13D00222A48 /* Foundation.framework */; };
		AAAEFC39196CD13D00222A48 /* libNBClient.a in Frameworks */ = {isa = PBXBuildFile; fileRef = AAAEFC21196CD13D00222A48 /* libNBClient.a */; };
		AAAEFC3F196CD13D00222A48 /* InfoPlist.strings in Resources */ = {isa = PBXBuildFile; fileRef = AAAEFC3D196CD13D00222A48 /* InfoPlist.strings */; };
		AAAEFC41196CD13D00222A48 /* NBClientTests.m in Sources */ = {isa = PBXBuildFile; fileRef = AAAEFC40196CD13D00222A48 /* NBClientTests.m */; };
		AAD2806B1A0BDFF200E6DF39 /* NBAccountsManager_Internal.h in CopyFiles */ = {isa = PBXBuildFile; fileRef = AAD2806A1A0BDF3900E6DF39 /* NBAccountsManager_Internal.h */; };
		AAE62FC21AD37D6D00926195 /* CoreText.framework in Frameworks */ = {isa = PBXBuildFile; fileRef = AAE62FC11AD37D6D00926195 /* CoreText.framework */; };
		AAEFEAEF19E6E73800777BC1 /* NBAccountsViewController.m in Sources */ = {isa = PBXBuildFile; fileRef = AAEFEAED19E6E73800777BC1 /* NBAccountsViewController.m */; };
		AAEFEAF919E6EE8B00777BC1 /* NBAccountsManager.m in Sources */ = {isa = PBXBuildFile; fileRef = AAEFEAF819E6EE8B00777BC1 /* NBAccountsManager.m */; };
		AAEFEAFF19E7131E00777BC1 /* NBAccount.m in Sources */ = {isa = PBXBuildFile; fileRef = AAEFEAFE19E7131E00777BC1 /* NBAccount.m */; };
		AAEFEB0019E716CE00777BC1 /* NBAccount.h in CopyFiles */ = {isa = PBXBuildFile; fileRef = AAEFEAFD19E7131E00777BC1 /* NBAccount.h */; };
/* End PBXBuildFile section */

/* Begin PBXContainerItemProxy section */
		AAAEFC37196CD13D00222A48 /* PBXContainerItemProxy */ = {
			isa = PBXContainerItemProxy;
			containerPortal = AAAEFC19196CD13D00222A48 /* Project object */;
			proxyType = 1;
			remoteGlobalIDString = AAAEFC20196CD13D00222A48;
			remoteInfo = NBClient;
		};
/* End PBXContainerItemProxy section */

/* Begin PBXCopyFilesBuildPhase section */
		AAAEFC1F196CD13D00222A48 /* CopyFiles */ = {
			isa = PBXCopyFilesBuildPhase;
			buildActionMask = 2147483647;
			dstPath = "include/$(PRODUCT_NAME)";
			dstSubfolderSpec = 16;
			files = (
				AAD2806B1A0BDFF200E6DF39 /* NBAccountsManager_Internal.h in CopyFiles */,
				AA2490561A09C7AE006F0D24 /* NBAccount_Internal.h in CopyFiles */,
				AA71A9741A085668005E9231 /* NBAuthenticator_Internal.h in CopyFiles */,
				AA3B62AD19E8BCF200798C49 /* NBAccountsViewController.h in CopyFiles */,
				AA3B62AC19E8BCE700798C49 /* NBAccountsManager.h in CopyFiles */,
				AA3B62AA19E8BCDA00798C49 /* NBAccountsViewDefines.h in CopyFiles */,
				AA674F0219E60A54009C6D4B /* UI.h in CopyFiles */,
				AA3B62A919E8BCCE00798C49 /* UIKitAdditions.h in CopyFiles */,
				AA674F0919E60D1F009C6D4B /* NBAccountButton.h in CopyFiles */,
				AA90915419834164009BE1E9 /* FoundationAdditions.h in CopyFiles */,
				AA90915319834164009BE1E9 /* Main.h in CopyFiles */,
				AAEFEB0019E716CE00777BC1 /* NBAccount.h in CopyFiles */,
				AA90915A19834186009BE1E9 /* NBDefines.h in CopyFiles */,
				AA90915519834164009BE1E9 /* NBAuthenticator.h in CopyFiles */,
				AA90915619834164009BE1E9 /* NBClient.h in CopyFiles */,
				AA90915819834164009BE1E9 /* NBClient+People.h in CopyFiles */,
				AA90915719834164009BE1E9 /* NBClient_Internal.h in CopyFiles */,
				AA90915919834164009BE1E9 /* NBPaginationInfo.h in CopyFiles */,
				AA1289751C8F8CC500E3DD48 /* NBClient+Contacts.h in CopyFiles */,
			);
			runOnlyForDeploymentPostprocessing = 0;
		};
/* End PBXCopyFilesBuildPhase section */

/* Begin PBXFileReference section */
		AA1289711C8E6E3D00E3DD48 /* people_id_contacts_get.txt */ = {isa = PBXFileReference; fileEncoding = 4; lastKnownFileType = text; path = people_id_contacts_get.txt; sourceTree = "<group>"; };
		AA1289721C8E6E3D00E3DD48 /* people_id_contacts_post.txt */ = {isa = PBXFileReference; fileEncoding = 4; lastKnownFileType = text; path = people_id_contacts_post.txt; sourceTree = "<group>"; };
		AA2490511A099312006F0D24 /* NBAccountTests.m */ = {isa = PBXFileReference; fileEncoding = 4; lastKnownFileType = sourcecode.c.objc; path = NBAccountTests.m; sourceTree = "<group>"; };
		AA2490531A099321006F0D24 /* NBAccountsManagerTests.m */ = {isa = PBXFileReference; fileEncoding = 4; lastKnownFileType = sourcecode.c.objc; path = NBAccountsManagerTests.m; sourceTree = "<group>"; };
		AA2490551A09C72B006F0D24 /* NBAccount_Internal.h */ = {isa = PBXFileReference; fileEncoding = 4; lastKnownFileType = sourcecode.c.h; path = NBAccount_Internal.h; sourceTree = "<group>"; };
		AA3B62A619E8B86700798C49 /* UIKitAdditions.h */ = {isa = PBXFileReference; fileEncoding = 4; lastKnownFileType = sourcecode.c.h; path = UIKitAdditions.h; sourceTree = "<group>"; };
		AA3B62A719E8B86700798C49 /* UIKitAdditions.m */ = {isa = PBXFileReference; fileEncoding = 4; lastKnownFileType = sourcecode.c.objc; path = UIKitAdditions.m; sourceTree = "<group>"; };
		AA59055C1C891AF400B6643A /* SafariServices.framework */ = {isa = PBXFileReference; lastKnownFileType = wrapper.framework; name = SafariServices.framework; path = System/Library/Frameworks/SafariServices.framework; sourceTree = SDKROOT; };
		AA59055E1C892C5700B6643A /* NBClient.podspec */ = {isa = PBXFileReference; lastKnownFileType = text; name = NBClient.podspec; path = ../../NBClient.podspec; sourceTree = "<group>"; xcLanguageSpecificationIdentifier = xcode.lang.ruby; };
		AA5905631C8E325C00B6643A /* NBClient+Contacts.h */ = {isa = PBXFileReference; fileEncoding = 4; lastKnownFileType = sourcecode.c.h; path = "NBClient+Contacts.h"; sourceTree = "<group>"; };
		AA5905641C8E325C00B6643A /* NBClient+Contacts.m */ = {isa = PBXFileReference; fileEncoding = 4; lastKnownFileType = sourcecode.c.objc; path = "NBClient+Contacts.m"; sourceTree = "<group>"; };
		AA5905661C8E340800B6643A /* NBClientContactsTests.m */ = {isa = PBXFileReference; fileEncoding = 4; lastKnownFileType = sourcecode.c.objc; path = NBClientContactsTests.m; sourceTree = "<group>"; };
		AA668DC419705FC800A952B0 /* NBTestCase.h */ = {isa = PBXFileReference; fileEncoding = 4; lastKnownFileType = sourcecode.c.h; path = NBTestCase.h; sourceTree = "<group>"; };
		AA668DC519705FC800A952B0 /* NBTestCase.m */ = {isa = PBXFileReference; fileEncoding = 4; lastKnownFileType = sourcecode.c.objc; path = NBTestCase.m; sourceTree = "<group>"; };
		AA668DCF1970B81800A952B0 /* FoundationAdditions.h */ = {isa = PBXFileReference; fileEncoding = 4; lastKnownFileType = sourcecode.c.h; path = FoundationAdditions.h; sourceTree = "<group>"; };
		AA668DD01970B81800A952B0 /* FoundationAdditions.m */ = {isa = PBXFileReference; fileEncoding = 4; lastKnownFileType = sourcecode.c.objc; path = FoundationAdditions.m; sourceTree = "<group>"; };
		AA668DD31976EA1600A952B0 /* NBClientPeopleTests.m */ = {isa = PBXFileReference; fileEncoding = 4; lastKnownFileType = sourcecode.c.objc; path = NBClientPeopleTests.m; sourceTree = "<group>"; };
		AA668DD51978418F00A952B0 /* FoundationAdditionsTests.m */ = {isa = PBXFileReference; fileEncoding = 4; lastKnownFileType = sourcecode.c.objc; path = FoundationAdditionsTests.m; sourceTree = "<group>"; };
		AA674EE419E60170009C6D4B /* UIKit.framework */ = {isa = PBXFileReference; lastKnownFileType = wrapper.framework; name = UIKit.framework; path = System/Library/Frameworks/UIKit.framework; sourceTree = SDKROOT; };
		AA674EFE19E60A2E009C6D4B /* UI.h */ = {isa = PBXFileReference; fileEncoding = 4; lastKnownFileType = sourcecode.c.h; name = UI.h; path = NBClient/UI.h; sourceTree = SOURCE_ROOT; };
		AA674F0419E60CFD009C6D4B /* NBAccountButton.h */ = {isa = PBXFileReference; fileEncoding = 4; lastKnownFileType = sourcecode.c.h; path = NBAccountButton.h; sourceTree = "<group>"; };
		AA674F0519E60CFD009C6D4B /* NBAccountButton.m */ = {isa = PBXFileReference; fileEncoding = 4; lastKnownFileType = sourcecode.c.objc; path = NBAccountButton.m; sourceTree = "<group>"; };
		AA674F0619E60CFD009C6D4B /* NBAccountButton.xib */ = {isa = PBXFileReference; fileEncoding = 4; lastKnownFileType = file.xib; path = NBAccountButton.xib; sourceTree = "<group>"; };
		AA6FF3BC197D95220049B747 /* NBPaginationInfo.h */ = {isa = PBXFileReference; fileEncoding = 4; lastKnownFileType = sourcecode.c.h; path = NBPaginationInfo.h; sourceTree = "<group>"; };
		AA6FF3BD197D95220049B747 /* NBPaginationInfo.m */ = {isa = PBXFileReference; fileEncoding = 4; lastKnownFileType = sourcecode.c.objc; path = NBPaginationInfo.m; sourceTree = "<group>"; };
		AA6FF3C0197DADEA0049B747 /* NBPaginationInfoTests.m */ = {isa = PBXFileReference; fileEncoding = 4; lastKnownFileType = sourcecode.c.objc; path = NBPaginationInfoTests.m; sourceTree = "<group>"; };
		AA6FF3C2197DF2E00049B747 /* NBClient+People.h */ = {isa = PBXFileReference; fileEncoding = 4; lastKnownFileType = sourcecode.c.h; path = "NBClient+People.h"; sourceTree = "<group>"; };
		AA6FF3C3197DF2E00049B747 /* NBClient+People.m */ = {isa = PBXFileReference; fileEncoding = 4; lastKnownFileType = sourcecode.c.objc; path = "NBClient+People.m"; sourceTree = "<group>"; };
		AA6FF3C6197DF5B10049B747 /* NBClient_Internal.h */ = {isa = PBXFileReference; fileEncoding = 4; lastKnownFileType = sourcecode.c.h; path = NBClient_Internal.h; sourceTree = "<group>"; };
		AA6FF3C7197EDEE60049B747 /* Security.framework */ = {isa = PBXFileReference; lastKnownFileType = wrapper.framework; name = Security.framework; path = System/Library/Frameworks/Security.framework; sourceTree = SDKROOT; };
		AA71A9731A0855E0005E9231 /* NBAuthenticator_Internal.h */ = {isa = PBXFileReference; fileEncoding = 4; lastKnownFileType = sourcecode.c.h; path = NBAuthenticator_Internal.h; sourceTree = "<group>"; };
		AA78ED60199AC2F60043B7C0 /* libPods-NBClientTests.a */ = {isa = PBXFileReference; lastKnownFileType = archive.ar; name = "libPods-NBClientTests.a"; path = "../Pods/build/Debug-iphoneos/libPods-NBClientTests.a"; sourceTree = "<group>"; };
		AA78ED71199C563C0043B7C0 /* people_get.txt */ = {isa = PBXFileReference; fileEncoding = 4; lastKnownFileType = text; path = people_get.txt; sourceTree = "<group>"; };
		AA78ED72199C563C0043B7C0 /* people_id_delete.txt */ = {isa = PBXFileReference; fileEncoding = 4; lastKnownFileType = text; path = people_id_delete.txt; sourceTree = "<group>"; };
		AA78ED73199C563C0043B7C0 /* people_id_get.txt */ = {isa = PBXFileReference; fileEncoding = 4; lastKnownFileType = text; path = people_id_get.txt; sourceTree = "<group>"; };
		AA78ED74199C563C0043B7C0 /* people_id_put.txt */ = {isa = PBXFileReference; fileEncoding = 4; lastKnownFileType = text; path = people_id_put.txt; sourceTree = "<group>"; };
		AA78ED75199C563C0043B7C0 /* people_match_get.txt */ = {isa = PBXFileReference; fileEncoding = 4; lastKnownFileType = text; path = people_match_get.txt; sourceTree = "<group>"; };
		AA78ED76199C563C0043B7C0 /* people_post.txt */ = {isa = PBXFileReference; fileEncoding = 4; lastKnownFileType = text; path = people_post.txt; sourceTree = "<group>"; };
		AA78ED77199C563C0043B7C0 /* people_search_get.txt */ = {isa = PBXFileReference; fileEncoding = 4; lastKnownFileType = text; path = people_search_get.txt; sourceTree = "<group>"; };
		AA811B8A1A0074C300F80EDF /* NBClient_UI.xcassets */ = {isa = PBXFileReference; lastKnownFileType = folder.assetcatalog; path = NBClient_UI.xcassets; sourceTree = "<group>"; };
		AA84F04419EC7C9200DAA6B8 /* NationBuilder-Info-Local.plist */ = {isa = PBXFileReference; fileEncoding = 4; lastKnownFileType = text.plist.xml; path = "NationBuilder-Info-Local.plist"; sourceTree = "<group>"; };
		AA84F04619EC888A00DAA6B8 /* NationBuilder-Info.plist */ = {isa = PBXFileReference; fileEncoding = 4; lastKnownFileType = text.plist.xml; path = "NationBuilder-Info.plist"; sourceTree = "<group>"; };
		AA84F04819EC94A700DAA6B8 /* people_me_get.txt */ = {isa = PBXFileReference; fileEncoding = 4; lastKnownFileType = text; path = people_me_get.txt; sourceTree = "<group>"; };
		AA84F04B19EDF36D00DAA6B8 /* en */ = {isa = PBXFileReference; lastKnownFileType = text.plist.strings; name = en; path = en.lproj/NationBuilder.strings; sourceTree = "<group>"; };
		AA85EB051AA85E6300E3CC08 /* people_id_register_get.txt */ = {isa = PBXFileReference; fileEncoding = 4; lastKnownFileType = text; path = people_id_register_get.txt; sourceTree = "<group>"; };
		AA85EB061AA85E6300E3CC08 /* people_id_taggings_bulk_put.txt */ = {isa = PBXFileReference; fileEncoding = 4; lastKnownFileType = text; path = people_id_taggings_bulk_put.txt; sourceTree = "<group>"; };
		AA85EB071AA85E6300E3CC08 /* people_id_taggings_delete.txt */ = {isa = PBXFileReference; fileEncoding = 4; lastKnownFileType = text; path = people_id_taggings_delete.txt; sourceTree = "<group>"; };
		AA85EB081AA85E6300E3CC08 /* people_id_taggings_get.txt */ = {isa = PBXFileReference; fileEncoding = 4; lastKnownFileType = text; path = people_id_taggings_get.txt; sourceTree = "<group>"; };
		AA85EB091AA85E6300E3CC08 /* people_id_taggings_put.txt */ = {isa = PBXFileReference; fileEncoding = 4; lastKnownFileType = text; path = people_id_taggings_put.txt; sourceTree = "<group>"; };
		AA85EB0A1AA85E6300E3CC08 /* people_id_taggings_tag_delete.txt */ = {isa = PBXFileReference; fileEncoding = 4; lastKnownFileType = text; path = people_id_taggings_tag_delete.txt; sourceTree = "<group>"; };
		AA85EB0B1AA85E6300E3CC08 /* people_nearby_get.txt */ = {isa = PBXFileReference; fileEncoding = 4; lastKnownFileType = text; path = people_nearby_get.txt; sourceTree = "<group>"; };
		AA85EB131AA8E42100E3CC08 /* NBClientPeopleCapitalsTests.m */ = {isa = PBXFileReference; fileEncoding = 4; lastKnownFileType = sourcecode.c.objc; path = NBClientPeopleCapitalsTests.m; sourceTree = "<group>"; };
		AA85EB151AA94FDE00E3CC08 /* people_id_capitals_delete.txt */ = {isa = PBXFileReference; fileEncoding = 4; lastKnownFileType = text; path = people_id_capitals_delete.txt; sourceTree = "<group>"; };
		AA85EB161AA94FDE00E3CC08 /* people_id_capitals_post.txt */ = {isa = PBXFileReference; fileEncoding = 4; lastKnownFileType = text; path = people_id_capitals_post.txt; sourceTree = "<group>"; };
		AA85EB171AA94FDE00E3CC08 /* people_id_capitals_get.txt */ = {isa = PBXFileReference; fileEncoding = 4; lastKnownFileType = text; path = people_id_capitals_get.txt; sourceTree = "<group>"; };
		AA86284F196F1651005060C9 /* NBAuthenticator.h */ = {isa = PBXFileReference; fileEncoding = 4; lastKnownFileType = sourcecode.c.h; path = NBAuthenticator.h; sourceTree = "<group>"; };
		AA862850196F1651005060C9 /* NBAuthenticator.m */ = {isa = PBXFileReference; fileEncoding = 4; lastKnownFileType = sourcecode.c.objc; path = NBAuthenticator.m; sourceTree = "<group>"; };
		AA8B6821196F5539009DDA91 /* NBAuthenticatorTests.m */ = {isa = PBXFileReference; fileEncoding = 4; lastKnownFileType = sourcecode.c.objc; path = NBAuthenticatorTests.m; sourceTree = "<group>"; };
		AA8B6823196F82D4009DDA91 /* NBDefines.h */ = {isa = PBXFileReference; fileEncoding = 4; lastKnownFileType = sourcecode.c.h; path = NBDefines.h; sourceTree = "<group>"; };
		AA8B6824196F82D4009DDA91 /* NBDefines.m */ = {isa = PBXFileReference; fileEncoding = 4; lastKnownFileType = sourcecode.c.objc; path = NBDefines.m; sourceTree = "<group>"; };
		AA9677681AA79B3900FE2FC9 /* NBClientPeopleTaggingsTests.m */ = {isa = PBXFileReference; fileEncoding = 4; lastKnownFileType = sourcecode.c.objc; path = NBClientPeopleTaggingsTests.m; sourceTree = "<group>"; };
		AAAEFC21196CD13D00222A48 /* libNBClient.a */ = {isa = PBXFileReference; explicitFileType = archive.ar; includeInIndex = 0; path = libNBClient.a; sourceTree = BUILT_PRODUCTS_DIR; };
		AAAEFC24196CD13D00222A48 /* Foundation.framework */ = {isa = PBXFileReference; lastKnownFileType = wrapper.framework; name = Foundation.framework; path = System/Library/Frameworks/Foundation.framework; sourceTree = SDKROOT; };
		AAAEFC28196CD13D00222A48 /* NBClient-Prefix.pch */ = {isa = PBXFileReference; lastKnownFileType = sourcecode.c.h; path = "NBClient-Prefix.pch"; sourceTree = "<group>"; };
		AAAEFC29196CD13D00222A48 /* NBClient.h */ = {isa = PBXFileReference; lastKnownFileType = sourcecode.c.h; path = NBClient.h; sourceTree = "<group>"; };
		AAAEFC2B196CD13D00222A48 /* NBClient.m */ = {isa = PBXFileReference; lastKnownFileType = sourcecode.c.objc; path = NBClient.m; sourceTree = "<group>"; };
		AAAEFC31196CD13D00222A48 /* NBClientTests.xctest */ = {isa = PBXFileReference; explicitFileType = wrapper.cfbundle; includeInIndex = 0; path = NBClientTests.xctest; sourceTree = BUILT_PRODUCTS_DIR; };
		AAAEFC32196CD13D00222A48 /* XCTest.framework */ = {isa = PBXFileReference; lastKnownFileType = wrapper.framework; name = XCTest.framework; path = Library/Frameworks/XCTest.framework; sourceTree = DEVELOPER_DIR; };
		AAAEFC3C196CD13D00222A48 /* NBClientTests-Info.plist */ = {isa = PBXFileReference; lastKnownFileType = text.plist.xml; path = "NBClientTests-Info.plist"; sourceTree = "<group>"; };
		AAAEFC3E196CD13D00222A48 /* en */ = {isa = PBXFileReference; lastKnownFileType = text.plist.strings; name = en; path = en.lproj/InfoPlist.strings; sourceTree = "<group>"; };
		AAAEFC40196CD13D00222A48 /* NBClientTests.m */ = {isa = PBXFileReference; lastKnownFileType = sourcecode.c.objc; path = NBClientTests.m; sourceTree = "<group>"; };
		AABD0029196F1FD6003A745F /* Main.h */ = {isa = PBXFileReference; fileEncoding = 4; lastKnownFileType = sourcecode.c.h; path = Main.h; sourceTree = "<group>"; };
		AAC01B9219F95B1C0093EEA7 /* pe-icon-7-stroke.ttf */ = {isa = PBXFileReference; lastKnownFileType = file; path = "pe-icon-7-stroke.ttf"; sourceTree = "<group>"; };
		AAD2806A1A0BDF3900E6DF39 /* NBAccountsManager_Internal.h */ = {isa = PBXFileReference; lastKnownFileType = sourcecode.c.h; path = NBAccountsManager_Internal.h; sourceTree = "<group>"; };
		AAE62FC11AD37D6D00926195 /* CoreText.framework */ = {isa = PBXFileReference; lastKnownFileType = wrapper.framework; name = CoreText.framework; path = System/Library/Frameworks/CoreText.framework; sourceTree = SDKROOT; };
		AAEFEAEC19E6E73800777BC1 /* NBAccountsViewController.h */ = {isa = PBXFileReference; fileEncoding = 4; lastKnownFileType = sourcecode.c.h; path = NBAccountsViewController.h; sourceTree = "<group>"; };
		AAEFEAED19E6E73800777BC1 /* NBAccountsViewController.m */ = {isa = PBXFileReference; fileEncoding = 4; lastKnownFileType = sourcecode.c.objc; path = NBAccountsViewController.m; sourceTree = "<group>"; };
		AAEFEAEE19E6E73800777BC1 /* NBAccountsViewController.xib */ = {isa = PBXFileReference; fileEncoding = 4; lastKnownFileType = file.xib; path = NBAccountsViewController.xib; sourceTree = "<group>"; };
		AAEFEAF019E6EADC00777BC1 /* NBAccountsViewDefines.h */ = {isa = PBXFileReference; fileEncoding = 4; lastKnownFileType = sourcecode.c.h; path = NBAccountsViewDefines.h; sourceTree = "<group>"; };
		AAEFEAF719E6EE8B00777BC1 /* NBAccountsManager.h */ = {isa = PBXFileReference; fileEncoding = 4; lastKnownFileType = sourcecode.c.h; path = NBAccountsManager.h; sourceTree = "<group>"; };
		AAEFEAF819E6EE8B00777BC1 /* NBAccountsManager.m */ = {isa = PBXFileReference; fileEncoding = 4; lastKnownFileType = sourcecode.c.objc; path = NBAccountsManager.m; sourceTree = "<group>"; };
		AAEFEAFD19E7131E00777BC1 /* NBAccount.h */ = {isa = PBXFileReference; fileEncoding = 4; lastKnownFileType = sourcecode.c.h; path = NBAccount.h; sourceTree = "<group>"; };
		AAEFEAFE19E7131E00777BC1 /* NBAccount.m */ = {isa = PBXFileReference; fileEncoding = 4; lastKnownFileType = sourcecode.c.objc; path = NBAccount.m; sourceTree = "<group>"; };
		B1E2655016ADDC9B53544AA6 /* Pods-NBClientTests.debug.xcconfig */ = {isa = PBXFileReference; includeInIndex = 1; lastKnownFileType = text.xcconfig; name = "Pods-NBClientTests.debug.xcconfig"; path = "../Pods/Target Support Files/Pods-NBClientTests/Pods-NBClientTests.debug.xcconfig"; sourceTree = "<group>"; };
		B7BA94556F404DEF440C3621 /* Pods-NBClientTests.release.xcconfig */ = {isa = PBXFileReference; includeInIndex = 1; lastKnownFileType = text.xcconfig; name = "Pods-NBClientTests.release.xcconfig"; path = "../Pods/Target Support Files/Pods-NBClientTests/Pods-NBClientTests.release.xcconfig"; sourceTree = "<group>"; };
/* End PBXFileReference section */

/* Begin PBXFrameworksBuildPhase section */
		AAAEFC1E196CD13D00222A48 /* Frameworks */ = {
			isa = PBXFrameworksBuildPhase;
			buildActionMask = 2147483647;
			files = (
				AA59055D1C891AF400B6643A /* SafariServices.framework in Frameworks */,
				AAE62FC21AD37D6D00926195 /* CoreText.framework in Frameworks */,
				AA674EE519E60170009C6D4B /* UIKit.framework in Frameworks */,
				AA6FF3C8197EDEE60049B747 /* Security.framework in Frameworks */,
				AAAEFC25196CD13D00222A48 /* Foundation.framework in Frameworks */,
			);
			runOnlyForDeploymentPostprocessing = 0;
		};
		AAAEFC2E196CD13D00222A48 /* Frameworks */ = {
			isa = PBXFrameworksBuildPhase;
			buildActionMask = 2147483647;
			files = (
				AA78ED61199AC2F60043B7C0 /* libPods-NBClientTests.a in Frameworks */,
				AAAEFC33196CD13D00222A48 /* XCTest.framework in Frameworks */,
				AAAEFC39196CD13D00222A48 /* libNBClient.a in Frameworks */,
				AAAEFC34196CD13D00222A48 /* Foundation.framework in Frameworks */,
			);
			runOnlyForDeploymentPostprocessing = 0;
		};
/* End PBXFrameworksBuildPhase section */

/* Begin PBXGroup section */
		AA1289701C8E53C600E3DD48 /* API */ = {
			isa = PBXGroup;
			children = (
				AA5905661C8E340800B6643A /* NBClientContactsTests.m */,
				AA668DD31976EA1600A952B0 /* NBClientPeopleTests.m */,
				AA9677681AA79B3900FE2FC9 /* NBClientPeopleTaggingsTests.m */,
				AA85EB131AA8E42100E3CC08 /* NBClientPeopleCapitalsTests.m */,
			);
			name = API;
			sourceTree = "<group>";
		};
		AA5905561C87D47500B6643A /* NBAccount */ = {
			isa = PBXGroup;
			children = (
				AAEFEAFD19E7131E00777BC1 /* NBAccount.h */,
				AA2490551A09C72B006F0D24 /* NBAccount_Internal.h */,
				AAEFEAFE19E7131E00777BC1 /* NBAccount.m */,
				AAEFEAF019E6EADC00777BC1 /* NBAccountsViewDefines.h */,
				AAEFEAF719E6EE8B00777BC1 /* NBAccountsManager.h */,
				AAEFEAF819E6EE8B00777BC1 /* NBAccountsManager.m */,
				AAD2806A1A0BDF3900E6DF39 /* NBAccountsManager_Internal.h */,
				AA674EDA19E4D516009C6D4B /* UI */,
			);
			name = NBAccount;
			sourceTree = "<group>";
		};
		AA5905581C87D8FE00B6643A /* NBAccount */ = {
			isa = PBXGroup;
			children = (
				AA2490511A099312006F0D24 /* NBAccountTests.m */,
				AA2490531A099321006F0D24 /* NBAccountsManagerTests.m */,
			);
			name = NBAccount;
			sourceTree = "<group>";
		};
		AA59055A1C87D97B00B6643A /* Configuration */ = {
			isa = PBXGroup;
			children = (
				AA84F04619EC888A00DAA6B8 /* NationBuilder-Info.plist */,
				AA84F04419EC7C9200DAA6B8 /* NationBuilder-Info-Local.plist */,
			);
			name = Configuration;
			sourceTree = "<group>";
		};
		AA59055B1C87DA5600B6643A /* API */ = {
			isa = PBXGroup;
			children = (
				AA5905631C8E325C00B6643A /* NBClient+Contacts.h */,
				AA5905641C8E325C00B6643A /* NBClient+Contacts.m */,
				AA6FF3C2197DF2E00049B747 /* NBClient+People.h */,
				AA6FF3C3197DF2E00049B747 /* NBClient+People.m */,
			);
			name = API;
			sourceTree = "<group>";
		};
		AA674EDA19E4D516009C6D4B /* UI */ = {
			isa = PBXGroup;
			children = (
				AA674F0419E60CFD009C6D4B /* NBAccountButton.h */,
				AA674F0519E60CFD009C6D4B /* NBAccountButton.m */,
				AA674F0619E60CFD009C6D4B /* NBAccountButton.xib */,
				AAEFEAEC19E6E73800777BC1 /* NBAccountsViewController.h */,
				AAEFEAED19E6E73800777BC1 /* NBAccountsViewController.m */,
				AAEFEAEE19E6E73800777BC1 /* NBAccountsViewController.xib */,
				AA674EFE19E60A2E009C6D4B /* UI.h */,
				AA3B62A619E8B86700798C49 /* UIKitAdditions.h */,
				AA3B62A719E8B86700798C49 /* UIKitAdditions.m */,
				AAC01B9319F95B570093EEA7 /* Supporting Files */,
			);
			path = UI;
			sourceTree = "<group>";
		};
		AA78ED78199C563C0043B7C0 /* Fixtures */ = {
			isa = PBXGroup;
			children = (
				AA78ED71199C563C0043B7C0 /* people_get.txt */,
				AA85EB151AA94FDE00E3CC08 /* people_id_capitals_delete.txt */,
				AA85EB171AA94FDE00E3CC08 /* people_id_capitals_get.txt */,
				AA85EB161AA94FDE00E3CC08 /* people_id_capitals_post.txt */,
				AA1289711C8E6E3D00E3DD48 /* people_id_contacts_get.txt */,
				AA1289721C8E6E3D00E3DD48 /* people_id_contacts_post.txt */,
				AA78ED72199C563C0043B7C0 /* people_id_delete.txt */,
				AA78ED73199C563C0043B7C0 /* people_id_get.txt */,
				AA78ED74199C563C0043B7C0 /* people_id_put.txt */,
				AA85EB051AA85E6300E3CC08 /* people_id_register_get.txt */,
				AA85EB061AA85E6300E3CC08 /* people_id_taggings_bulk_put.txt */,
				AA85EB071AA85E6300E3CC08 /* people_id_taggings_delete.txt */,
				AA85EB081AA85E6300E3CC08 /* people_id_taggings_get.txt */,
				AA85EB091AA85E6300E3CC08 /* people_id_taggings_put.txt */,
				AA85EB0A1AA85E6300E3CC08 /* people_id_taggings_tag_delete.txt */,
				AA78ED75199C563C0043B7C0 /* people_match_get.txt */,
				AA84F04819EC94A700DAA6B8 /* people_me_get.txt */,
				AA85EB0B1AA85E6300E3CC08 /* people_nearby_get.txt */,
				AA78ED76199C563C0043B7C0 /* people_post.txt */,
				AA78ED77199C563C0043B7C0 /* people_search_get.txt */,
			);
			path = Fixtures;
			sourceTree = "<group>";
		};
		AAAEFC18196CD13D00222A48 = {
			isa = PBXGroup;
			children = (
				AAAEFC26196CD13D00222A48 /* NBClient */,
				AAAEFC3A196CD13D00222A48 /* NBClientTests */,
				AAAEFC23196CD13D00222A48 /* Frameworks */,
				AAAEFC22196CD13D00222A48 /* Products */,
				E41E70135B07288B1EB5428F /* Pods */,
			);
			sourceTree = "<group>";
		};
		AAAEFC22196CD13D00222A48 /* Products */ = {
			isa = PBXGroup;
			children = (
				AAAEFC21196CD13D00222A48 /* libNBClient.a */,
				AAAEFC31196CD13D00222A48 /* NBClientTests.xctest */,
			);
			name = Products;
			sourceTree = "<group>";
		};
		AAAEFC23196CD13D00222A48 /* Frameworks */ = {
			isa = PBXGroup;
			children = (
				AA78ED60199AC2F60043B7C0 /* libPods-NBClientTests.a */,
				AA59055C1C891AF400B6643A /* SafariServices.framework */,
				AAE62FC11AD37D6D00926195 /* CoreText.framework */,
				AAAEFC24196CD13D00222A48 /* Foundation.framework */,
				AA6FF3C7197EDEE60049B747 /* Security.framework */,
				AA674EE419E60170009C6D4B /* UIKit.framework */,
				AAAEFC32196CD13D00222A48 /* XCTest.framework */,
			);
			name = Frameworks;
			sourceTree = "<group>";
		};
		AAAEFC26196CD13D00222A48 /* NBClient */ = {
			isa = PBXGroup;
			children = (
				AABD0029196F1FD6003A745F /* Main.h */,
				AA668DCF1970B81800A952B0 /* FoundationAdditions.h */,
				AA668DD01970B81800A952B0 /* FoundationAdditions.m */,
				AA86284F196F1651005060C9 /* NBAuthenticator.h */,
				AA71A9731A0855E0005E9231 /* NBAuthenticator_Internal.h */,
				AA862850196F1651005060C9 /* NBAuthenticator.m */,
				AAAEFC29196CD13D00222A48 /* NBClient.h */,
				AA6FF3C6197DF5B10049B747 /* NBClient_Internal.h */,
				AAAEFC2B196CD13D00222A48 /* NBClient.m */,
				AA8B6823196F82D4009DDA91 /* NBDefines.h */,
				AA8B6824196F82D4009DDA91 /* NBDefines.m */,
				AA6FF3BC197D95220049B747 /* NBPaginationInfo.h */,
				AA6FF3BD197D95220049B747 /* NBPaginationInfo.m */,
				AA59055B1C87DA5600B6643A /* API */,
				AA5905561C87D47500B6643A /* NBAccount */,
				AAAEFC27196CD13D00222A48 /* Supporting Files */,
			);
			path = NBClient;
			sourceTree = "<group>";
		};
		AAAEFC27196CD13D00222A48 /* Supporting Files */ = {
			isa = PBXGroup;
			children = (
				AA84F04C19EDF36D00DAA6B8 /* NationBuilder.strings */,
				AAAEFC28196CD13D00222A48 /* NBClient-Prefix.pch */,
				AA59055E1C892C5700B6643A /* NBClient.podspec */,
			);
			name = "Supporting Files";
			sourceTree = "<group>";
		};
		AAAEFC3A196CD13D00222A48 /* NBClientTests */ = {
			isa = PBXGroup;
			children = (
				AA668DD51978418F00A952B0 /* FoundationAdditionsTests.m */,
				AA8B6821196F5539009DDA91 /* NBAuthenticatorTests.m */,
				AAAEFC40196CD13D00222A48 /* NBClientTests.m */,
				AA6FF3C0197DADEA0049B747 /* NBPaginationInfoTests.m */,
				AA668DC419705FC800A952B0 /* NBTestCase.h */,
				AA668DC519705FC800A952B0 /* NBTestCase.m */,
				AA1289701C8E53C600E3DD48 /* API */,
				AA5905581C87D8FE00B6643A /* NBAccount */,
				AA59055A1C87D97B00B6643A /* Configuration */,
				AA78ED78199C563C0043B7C0 /* Fixtures */,
				AAAEFC3B196CD13D00222A48 /* Supporting Files */,
			);
			path = NBClientTests;
			sourceTree = "<group>";
		};
		AAAEFC3B196CD13D00222A48 /* Supporting Files */ = {
			isa = PBXGroup;
			children = (
				AAAEFC3C196CD13D00222A48 /* NBClientTests-Info.plist */,
				AAAEFC3D196CD13D00222A48 /* InfoPlist.strings */,
			);
			name = "Supporting Files";
			sourceTree = "<group>";
		};
		AAC01B9319F95B570093EEA7 /* Supporting Files */ = {
			isa = PBXGroup;
			children = (
				AA811B8A1A0074C300F80EDF /* NBClient_UI.xcassets */,
				AAC01B9219F95B1C0093EEA7 /* pe-icon-7-stroke.ttf */,
			);
			name = "Supporting Files";
			sourceTree = "<group>";
		};
		E41E70135B07288B1EB5428F /* Pods */ = {
			isa = PBXGroup;
			children = (
				B1E2655016ADDC9B53544AA6 /* Pods-NBClientTests.debug.xcconfig */,
				B7BA94556F404DEF440C3621 /* Pods-NBClientTests.release.xcconfig */,
			);
			name = Pods;
			sourceTree = "<group>";
		};
/* End PBXGroup section */

/* Begin PBXNativeTarget section */
		AAAEFC20196CD13D00222A48 /* NBClient */ = {
			isa = PBXNativeTarget;
			buildConfigurationList = AAAEFC44196CD13D00222A48 /* Build configuration list for PBXNativeTarget "NBClient" */;
			buildPhases = (
				AAAEFC1D196CD13D00222A48 /* Sources */,
				AAAEFC1E196CD13D00222A48 /* Frameworks */,
				AAAEFC1F196CD13D00222A48 /* CopyFiles */,
			);
			buildRules = (
			);
			dependencies = (
			);
			name = NBClient;
			productName = NBClient;
			productReference = AAAEFC21196CD13D00222A48 /* libNBClient.a */;
			productType = "com.apple.product-type.library.static";
		};
		AAAEFC30196CD13D00222A48 /* NBClientTests */ = {
			isa = PBXNativeTarget;
			buildConfigurationList = AAAEFC47196CD13D00222A48 /* Build configuration list for PBXNativeTarget "NBClientTests" */;
			buildPhases = (
				02CC2C7BDCED418996E22D0B /* Check Pods Manifest.lock */,
				AAAEFC2D196CD13D00222A48 /* Sources */,
				AAAEFC2E196CD13D00222A48 /* Frameworks */,
				AAAEFC2F196CD13D00222A48 /* Resources */,
				4E2293EFB86F4FE3A69DCB10 /* Copy Pods Resources */,
				2CEF09603A3D042691702688 /* Embed Pods Frameworks */,
			);
			buildRules = (
			);
			dependencies = (
				AAAEFC38196CD13D00222A48 /* PBXTargetDependency */,
			);
			name = NBClientTests;
			productName = NBClientTests;
			productReference = AAAEFC31196CD13D00222A48 /* NBClientTests.xctest */;
			productType = "com.apple.product-type.bundle.unit-test";
		};
/* End PBXNativeTarget section */

/* Begin PBXProject section */
		AAAEFC19196CD13D00222A48 /* Project object */ = {
			isa = PBXProject;
			attributes = {
				LastUpgradeCheck = 0720;
				ORGANIZATIONNAME = NationBuilder;
			};
			buildConfigurationList = AAAEFC1C196CD13D00222A48 /* Build configuration list for PBXProject "NBClient" */;
			compatibilityVersion = "Xcode 3.2";
			developmentRegion = English;
			hasScannedForEncodings = 0;
			knownRegions = (
				en,
			);
			mainGroup = AAAEFC18196CD13D00222A48;
			productRefGroup = AAAEFC22196CD13D00222A48 /* Products */;
			projectDirPath = "";
			projectRoot = "";
			targets = (
				AAAEFC20196CD13D00222A48 /* NBClient */,
				AAAEFC30196CD13D00222A48 /* NBClientTests */,
			);
		};
/* End PBXProject section */

/* Begin PBXResourcesBuildPhase section */
		AAAEFC2F196CD13D00222A48 /* Resources */ = {
			isa = PBXResourcesBuildPhase;
			buildActionMask = 2147483647;
			files = (
				AA85EB1A1AA94FDE00E3CC08 /* people_id_capitals_get.txt in Resources */,
				AA78ED7A199C563C0043B7C0 /* people_id_delete.txt in Resources */,
				AA84F04919EC94A700DAA6B8 /* people_me_get.txt in Resources */,
				AA78ED79199C563C0043B7C0 /* people_get.txt in Resources */,
				AA85EB0E1AA85E6300E3CC08 /* people_id_taggings_delete.txt in Resources */,
				AA85EB101AA85E6300E3CC08 /* people_id_taggings_put.txt in Resources */,
				AA84F04519EC7C9200DAA6B8 /* NationBuilder-Info-Local.plist in Resources */,
				AA85EB0C1AA85E6300E3CC08 /* people_id_register_get.txt in Resources */,
				AA78ED7C199C563C0043B7C0 /* people_id_put.txt in Resources */,
				AAAEFC3F196CD13D00222A48 /* InfoPlist.strings in Resources */,
				AA78ED7F199C563C0043B7C0 /* people_search_get.txt in Resources */,
				AA78ED7D199C563C0043B7C0 /* people_match_get.txt in Resources */,
				AA78ED7E199C563C0043B7C0 /* people_post.txt in Resources */,
				AA85EB0F1AA85E6300E3CC08 /* people_id_taggings_get.txt in Resources */,
				AA85EB111AA85E6300E3CC08 /* people_id_taggings_tag_delete.txt in Resources */,
				AA85EB181AA94FDE00E3CC08 /* people_id_capitals_delete.txt in Resources */,
				AA1289731C8E6E3D00E3DD48 /* people_id_contacts_get.txt in Resources */,
				AA78ED7B199C563C0043B7C0 /* people_id_get.txt in Resources */,
				AA85EB121AA85E6300E3CC08 /* people_nearby_get.txt in Resources */,
				AA85EB0D1AA85E6300E3CC08 /* people_id_taggings_bulk_put.txt in Resources */,
				AA8BAB5E1AD43CC8003077A2 /* NationBuilder.strings in Resources */,
				AA1289741C8E6E3D00E3DD48 /* people_id_contacts_post.txt in Resources */,
				AA84F04719EC888A00DAA6B8 /* NationBuilder-Info.plist in Resources */,
				AA85EB191AA94FDE00E3CC08 /* people_id_capitals_post.txt in Resources */,
			);
			runOnlyForDeploymentPostprocessing = 0;
		};
/* End PBXResourcesBuildPhase section */

/* Begin PBXShellScriptBuildPhase section */
		02CC2C7BDCED418996E22D0B /* Check Pods Manifest.lock */ = {
			isa = PBXShellScriptBuildPhase;
			buildActionMask = 2147483647;
			files = (
			);
			inputPaths = (
			);
			name = "Check Pods Manifest.lock";
			outputPaths = (
			);
			runOnlyForDeploymentPostprocessing = 0;
			shellPath = /bin/sh;
			shellScript = "diff \"${PODS_ROOT}/../Podfile.lock\" \"${PODS_ROOT}/Manifest.lock\" > /dev/null\nif [[ $? != 0 ]] ; then\n    cat << EOM\nerror: The sandbox is not in sync with the Podfile.lock. Run 'pod install' or update your CocoaPods installation.\nEOM\n    exit 1\nfi\n";
			showEnvVarsInLog = 0;
		};
		2CEF09603A3D042691702688 /* Embed Pods Frameworks */ = {
			isa = PBXShellScriptBuildPhase;
			buildActionMask = 2147483647;
			files = (
			);
			inputPaths = (
			);
			name = "Embed Pods Frameworks";
			outputPaths = (
			);
			runOnlyForDeploymentPostprocessing = 0;
			shellPath = /bin/sh;
			shellScript = "\"${SRCROOT}/../Pods/Target Support Files/Pods-NBClientTests/Pods-NBClientTests-frameworks.sh\"\n";
			showEnvVarsInLog = 0;
		};
		4E2293EFB86F4FE3A69DCB10 /* Copy Pods Resources */ = {
			isa = PBXShellScriptBuildPhase;
			buildActionMask = 2147483647;
			files = (
			);
			inputPaths = (
			);
			name = "Copy Pods Resources";
			outputPaths = (
			);
			runOnlyForDeploymentPostprocessing = 0;
			shellPath = /bin/sh;
			shellScript = "\"${SRCROOT}/../Pods/Target Support Files/Pods-NBClientTests/Pods-NBClientTests-resources.sh\"\n";
			showEnvVarsInLog = 0;
		};
/* End PBXShellScriptBuildPhase section */

/* Begin PBXSourcesBuildPhase section */
		AAAEFC1D196CD13D00222A48 /* Sources */ = {
			isa = PBXSourcesBuildPhase;
			buildActionMask = 2147483647;
			files = (
				AA6FF3BE197D95220049B747 /* NBPaginationInfo.m in Sources */,
				AA6FF3C4197DF2E00049B747 /* NBClient+People.m in Sources */,
				AA674F0719E60CFD009C6D4B /* NBAccountButton.m in Sources */,
				AA668DD11970B81800A952B0 /* FoundationAdditions.m in Sources */,
				AAEFEAEF19E6E73800777BC1 /* NBAccountsViewController.m in Sources */,
				AA862851196F1651005060C9 /* NBAuthenticator.m in Sources */,
				AAAEFC2C196CD13D00222A48 /* NBClient.m in Sources */,
				AA3B62A819E8B86700798C49 /* UIKitAdditions.m in Sources */,
				AAEFEAFF19E7131E00777BC1 /* NBAccount.m in Sources */,
				AA8B6825196F82D4009DDA91 /* NBDefines.m in Sources */,
				AAEFEAF919E6EE8B00777BC1 /* NBAccountsManager.m in Sources */,
				AA5905651C8E325C00B6643A /* NBClient+Contacts.m in Sources */,
			);
			runOnlyForDeploymentPostprocessing = 0;
		};
		AAAEFC2D196CD13D00222A48 /* Sources */ = {
			isa = PBXSourcesBuildPhase;
			buildActionMask = 2147483647;
			files = (
				AA668DD61978418F00A952B0 /* FoundationAdditionsTests.m in Sources */,
				AA2490521A099312006F0D24 /* NBAccountTests.m in Sources */,
				AA9677691AA79B3900FE2FC9 /* NBClientPeopleTaggingsTests.m in Sources */,
				AA8B6822196F5539009DDA91 /* NBAuthenticatorTests.m in Sources */,
				AA668DD41976EA1600A952B0 /* NBClientPeopleTests.m in Sources */,
				AAAEFC41196CD13D00222A48 /* NBClientTests.m in Sources */,
				AA2490541A099321006F0D24 /* NBAccountsManagerTests.m in Sources */,
				AA6FF3C1197DADEA0049B747 /* NBPaginationInfoTests.m in Sources */,
				AA5905671C8E340800B6643A /* NBClientContactsTests.m in Sources */,
				AA85EB141AA8E42100E3CC08 /* NBClientPeopleCapitalsTests.m in Sources */,
				AA668DC619705FC800A952B0 /* NBTestCase.m in Sources */,
			);
			runOnlyForDeploymentPostprocessing = 0;
		};
/* End PBXSourcesBuildPhase section */

/* Begin PBXTargetDependency section */
		AAAEFC38196CD13D00222A48 /* PBXTargetDependency */ = {
			isa = PBXTargetDependency;
			target = AAAEFC20196CD13D00222A48 /* NBClient */;
			targetProxy = AAAEFC37196CD13D00222A48 /* PBXContainerItemProxy */;
		};
/* End PBXTargetDependency section */

/* Begin PBXVariantGroup section */
		AA84F04C19EDF36D00DAA6B8 /* NationBuilder.strings */ = {
			isa = PBXVariantGroup;
			children = (
				AA84F04B19EDF36D00DAA6B8 /* en */,
			);
			name = NationBuilder.strings;
			sourceTree = "<group>";
		};
		AAAEFC3D196CD13D00222A48 /* InfoPlist.strings */ = {
			isa = PBXVariantGroup;
			children = (
				AAAEFC3E196CD13D00222A48 /* en */,
			);
			name = InfoPlist.strings;
			sourceTree = "<group>";
		};
/* End PBXVariantGroup section */

/* Begin XCBuildConfiguration section */
		AAAEFC42196CD13D00222A48 /* Debug */ = {
			isa = XCBuildConfiguration;
			buildSettings = {
				ALWAYS_SEARCH_USER_PATHS = NO;
				CLANG_CXX_LANGUAGE_STANDARD = "gnu++0x";
				CLANG_CXX_LIBRARY = "libc++";
				CLANG_ENABLE_MODULES = YES;
				CLANG_ENABLE_OBJC_ARC = YES;
				CLANG_WARN_ASSIGN_ENUM = NO;
				CLANG_WARN_BOOL_CONVERSION = YES;
				CLANG_WARN_CONSTANT_CONVERSION = YES;
				CLANG_WARN_DEPRECATED_OBJC_IMPLEMENTATIONS = YES;
				CLANG_WARN_DIRECT_OBJC_ISA_USAGE = YES_ERROR;
				CLANG_WARN_DOCUMENTATION_COMMENTS = YES;
				CLANG_WARN_EMPTY_BODY = YES;
				CLANG_WARN_ENUM_CONVERSION = YES;
				CLANG_WARN_IMPLICIT_SIGN_CONVERSION = YES;
				CLANG_WARN_INT_CONVERSION = YES;
				CLANG_WARN_OBJC_EXPLICIT_OWNERSHIP_TYPE = YES;
				CLANG_WARN_OBJC_IMPLICIT_ATOMIC_PROPERTIES = YES;
				CLANG_WARN_OBJC_IMPLICIT_RETAIN_SELF = YES;
				CLANG_WARN_OBJC_RECEIVER_WEAK = NO;
				CLANG_WARN_OBJC_REPEATED_USE_OF_WEAK = NO;
				CLANG_WARN_OBJC_ROOT_CLASS = YES_ERROR;
				CLANG_WARN_SUSPICIOUS_IMPLICIT_CONVERSION = YES;
				CLANG_WARN_UNREACHABLE_CODE = YES;
				CLANG_WARN__DUPLICATE_METHOD_MATCH = YES;
				COPY_PHASE_STRIP = NO;
				ENABLE_TESTABILITY = YES;
				GCC_C_LANGUAGE_STANDARD = gnu99;
				GCC_DYNAMIC_NO_PIC = NO;
				GCC_OPTIMIZATION_LEVEL = 0;
				GCC_PREPROCESSOR_DEFINITIONS = (
					"DEBUG=1",
					"$(inherited)",
				);
				GCC_SYMBOLS_PRIVATE_EXTERN = NO;
				GCC_TREAT_IMPLICIT_FUNCTION_DECLARATIONS_AS_ERRORS = YES;
				GCC_TREAT_INCOMPATIBLE_POINTER_TYPE_WARNINGS_AS_ERRORS = YES;
				GCC_WARN_64_TO_32_BIT_CONVERSION = YES;
				GCC_WARN_ABOUT_MISSING_FIELD_INITIALIZERS = YES;
				GCC_WARN_ABOUT_MISSING_NEWLINE = YES;
				GCC_WARN_ABOUT_MISSING_PROTOTYPES = YES;
				GCC_WARN_ABOUT_RETURN_TYPE = YES_ERROR;
				GCC_WARN_FOUR_CHARACTER_CONSTANTS = YES;
				GCC_WARN_INITIALIZER_NOT_FULLY_BRACKETED = YES;
				GCC_WARN_MULTIPLE_DEFINITION_TYPES_FOR_SELECTOR = NO;
				GCC_WARN_SHADOW = YES;
				GCC_WARN_SIGN_COMPARE = YES;
				GCC_WARN_STRICT_SELECTOR_MATCH = YES;
				GCC_WARN_UNDECLARED_SELECTOR = YES;
				GCC_WARN_UNINITIALIZED_AUTOS = YES_AGGRESSIVE;
				GCC_WARN_UNKNOWN_PRAGMAS = YES;
				GCC_WARN_UNUSED_FUNCTION = YES;
				GCC_WARN_UNUSED_LABEL = YES;
				GCC_WARN_UNUSED_VARIABLE = YES;
				IPHONEOS_DEPLOYMENT_TARGET = 7.1;
				ONLY_ACTIVE_ARCH = YES;
				SDKROOT = iphoneos;
			};
			name = Debug;
		};
		AAAEFC43196CD13D00222A48 /* Release */ = {
			isa = XCBuildConfiguration;
			buildSettings = {
				ALWAYS_SEARCH_USER_PATHS = NO;
				CLANG_CXX_LANGUAGE_STANDARD = "gnu++0x";
				CLANG_CXX_LIBRARY = "libc++";
				CLANG_ENABLE_MODULES = YES;
				CLANG_ENABLE_OBJC_ARC = YES;
				CLANG_WARN_ASSIGN_ENUM = NO;
				CLANG_WARN_BOOL_CONVERSION = YES;
				CLANG_WARN_CONSTANT_CONVERSION = YES;
				CLANG_WARN_DEPRECATED_OBJC_IMPLEMENTATIONS = YES;
				CLANG_WARN_DIRECT_OBJC_ISA_USAGE = YES_ERROR;
				CLANG_WARN_DOCUMENTATION_COMMENTS = YES;
				CLANG_WARN_EMPTY_BODY = YES;
				CLANG_WARN_ENUM_CONVERSION = YES;
				CLANG_WARN_IMPLICIT_SIGN_CONVERSION = YES;
				CLANG_WARN_INT_CONVERSION = YES;
				CLANG_WARN_OBJC_EXPLICIT_OWNERSHIP_TYPE = YES;
				CLANG_WARN_OBJC_IMPLICIT_ATOMIC_PROPERTIES = YES;
				CLANG_WARN_OBJC_IMPLICIT_RETAIN_SELF = YES;
				CLANG_WARN_OBJC_RECEIVER_WEAK = NO;
				CLANG_WARN_OBJC_REPEATED_USE_OF_WEAK = NO;
				CLANG_WARN_OBJC_ROOT_CLASS = YES_ERROR;
				CLANG_WARN_SUSPICIOUS_IMPLICIT_CONVERSION = YES;
				CLANG_WARN_UNREACHABLE_CODE = YES;
				CLANG_WARN__DUPLICATE_METHOD_MATCH = YES;
				COPY_PHASE_STRIP = YES;
				ENABLE_NS_ASSERTIONS = NO;
				GCC_C_LANGUAGE_STANDARD = gnu99;
				GCC_TREAT_IMPLICIT_FUNCTION_DECLARATIONS_AS_ERRORS = YES;
				GCC_TREAT_INCOMPATIBLE_POINTER_TYPE_WARNINGS_AS_ERRORS = YES;
				GCC_WARN_64_TO_32_BIT_CONVERSION = YES;
				GCC_WARN_ABOUT_MISSING_FIELD_INITIALIZERS = YES;
				GCC_WARN_ABOUT_MISSING_NEWLINE = YES;
				GCC_WARN_ABOUT_MISSING_PROTOTYPES = YES;
				GCC_WARN_ABOUT_RETURN_TYPE = YES_ERROR;
				GCC_WARN_FOUR_CHARACTER_CONSTANTS = YES;
				GCC_WARN_INITIALIZER_NOT_FULLY_BRACKETED = YES;
				GCC_WARN_MULTIPLE_DEFINITION_TYPES_FOR_SELECTOR = NO;
				GCC_WARN_SHADOW = YES;
				GCC_WARN_SIGN_COMPARE = YES;
				GCC_WARN_STRICT_SELECTOR_MATCH = YES;
				GCC_WARN_UNDECLARED_SELECTOR = YES;
				GCC_WARN_UNINITIALIZED_AUTOS = YES_AGGRESSIVE;
				GCC_WARN_UNKNOWN_PRAGMAS = YES;
				GCC_WARN_UNUSED_FUNCTION = YES;
				GCC_WARN_UNUSED_LABEL = YES;
				GCC_WARN_UNUSED_VARIABLE = YES;
				IPHONEOS_DEPLOYMENT_TARGET = 7.1;
				SDKROOT = iphoneos;
				VALIDATE_PRODUCT = YES;
			};
			name = Release;
		};
		AAAEFC45196CD13D00222A48 /* Debug */ = {
			isa = XCBuildConfiguration;
			buildSettings = {
				DSTROOT = /tmp/NBClient.dst;
				GCC_PRECOMPILE_PREFIX_HEADER = YES;
				GCC_PREFIX_HEADER = "NBClient/NBClient-Prefix.pch";
				OTHER_LDFLAGS = "-ObjC";
				PRODUCT_NAME = "$(TARGET_NAME)";
				SKIP_INSTALL = YES;
			};
			name = Debug;
		};
		AAAEFC46196CD13D00222A48 /* Release */ = {
			isa = XCBuildConfiguration;
			buildSettings = {
				DSTROOT = /tmp/NBClient.dst;
				GCC_PRECOMPILE_PREFIX_HEADER = YES;
				GCC_PREFIX_HEADER = "NBClient/NBClient-Prefix.pch";
				OTHER_LDFLAGS = "-ObjC";
				PRODUCT_NAME = "$(TARGET_NAME)";
				SKIP_INSTALL = YES;
			};
			name = Release;
		};
		AAAEFC48196CD13D00222A48 /* Debug */ = {
			isa = XCBuildConfiguration;
			baseConfigurationReference = B1E2655016ADDC9B53544AA6 /* Pods-NBClientTests.debug.xcconfig */;
			buildSettings = {
				GCC_PRECOMPILE_PREFIX_HEADER = YES;
				GCC_PREFIX_HEADER = "NBClient/NBClient-Prefix.pch";
				GCC_PREPROCESSOR_DEFINITIONS = (
					"DEBUG=1",
					"$(inherited)",
				);
				INFOPLIST_FILE = "NBClientTests/NBClientTests-Info.plist";
				PRODUCT_BUNDLE_IDENTIFIER = "com.nationbuilder.${PRODUCT_NAME:rfc1034identifier}";
				PRODUCT_NAME = "$(TARGET_NAME)";
				WRAPPER_EXTENSION = xctest;
			};
			name = Debug;
		};
		AAAEFC49196CD13D00222A48 /* Release */ = {
			isa = XCBuildConfiguration;
			baseConfigurationReference = B7BA94556F404DEF440C3621 /* Pods-NBClientTests.release.xcconfig */;
			buildSettings = {
				GCC_PRECOMPILE_PREFIX_HEADER = YES;
				GCC_PREFIX_HEADER = "NBClient/NBClient-Prefix.pch";
				INFOPLIST_FILE = "NBClientTests/NBClientTests-Info.plist";
				PRODUCT_BUNDLE_IDENTIFIER = "com.nationbuilder.${PRODUCT_NAME:rfc1034identifier}";
				PRODUCT_NAME = "$(TARGET_NAME)";
				WRAPPER_EXTENSION = xctest;
			};
			name = Release;
		};
/* End XCBuildConfiguration section */

/* Begin XCConfigurationList section */
		AAAEFC1C196CD13D00222A48 /* Build configuration list for PBXProject "NBClient" */ = {
			isa = XCConfigurationList;
			buildConfigurations = (
				AAAEFC42196CD13D00222A48 /* Debug */,
				AAAEFC43196CD13D00222A48 /* Release */,
			);
			defaultConfigurationIsVisible = 0;
			defaultConfigurationName = Release;
		};
		AAAEFC44196CD13D00222A48 /* Build configuration list for PBXNativeTarget "NBClient" */ = {
			isa = XCConfigurationList;
			buildConfigurations = (
				AAAEFC45196CD13D00222A48 /* Debug */,
				AAAEFC46196CD13D00222A48 /* Release */,
			);
			defaultConfigurationIsVisible = 0;
			defaultConfigurationName = Release;
		};
		AAAEFC47196CD13D00222A48 /* Build configuration list for PBXNativeTarget "NBClientTests" */ = {
			isa = XCConfigurationList;
			buildConfigurations = (
				AAAEFC48196CD13D00222A48 /* Debug */,
				AAAEFC49196CD13D00222A48 /* Release */,
			);
			defaultConfigurationIsVisible = 0;
			defaultConfigurationName = Release;
		};
/* End XCConfigurationList section */
	};
	rootObject = AAAEFC19196CD13D00222A48 /* Project object */;
}
