<?xml version="1.0" encoding="UTF-8"?>
<Scheme
   LastUpgradeVersion = "0510"
   version = "1.3">
   <BuildAction
      parallelizeBuildables = "YES"
      buildImplicitDependencies = "YES">
      <BuildActionEntries>
         <BuildActionEntry
            buildForTesting = "YES"
            buildForRunning = "YES"
            buildForProfiling = "YES"
            buildForArchiving = "YES"
            buildForAnalyzing = "YES">
            <BuildableReference
               BuildableIdentifier = "primary"
               BlueprintIdentifier = "AAAEFC20196CD13D00222A48"
               BuildableName = "libNBClient.a"
               BlueprintName = "NBClient"
               ReferencedContainer = "container:NBClient.xcodeproj">
            </BuildableReference>
         </BuildActionEntry>
      </BuildActionEntries>
   </BuildAction>
   <TestAction
      selectedDebuggerIdentifier = "Xcode.DebuggerFoundation.Debugger.LLDB"
      selectedLauncherIdentifier = "Xcode.DebuggerFoundation.Launcher.LLDB"
      shouldUseLaunchSchemeArgsEnv = "NO"
      buildConfiguration = "Debug">
      <Testables>
         <TestableReference
            skipped = "NO">
            <BuildableReference
               BuildableIdentifier = "primary"
               BlueprintIdentifier = "AAAEFC30196CD13D00222A48"
               BuildableName = "NBClientTests.xctest"
               BlueprintName = "NBClientTests"
               ReferencedContainer = "container:NBClient.xcodeproj">
            </BuildableReference>
            <SkippedTests>
               <Test
                  Identifier = "NBTestCase">
               </Test>
            </SkippedTests>
         </TestableReference>
      </Testables>
      <MacroExpansion>
         <BuildableReference
            BuildableIdentifier = "primary"
            BlueprintIdentifier = "AAAEFC20196CD13D00222A48"
            BuildableName = "libNBClient.a"
            BlueprintName = "NBClient"
            ReferencedContainer = "container:NBClient.xcodeproj">
         </BuildableReference>
      </MacroExpansion>
      <CommandLineArguments>
         <CommandLineArgument
            argument = "-NBNationName abeforprez"
            isEnabled = "YES">
         </CommandLineArgument>
         <CommandLineArgument
            argument = "-NBUserIdentifier 15236"
            isEnabled = "YES">
         </CommandLineArgument>
         <CommandLineArgument
            argument = "-NBBaseURLFormat &quot;http://%@.nbuild.dev&quot;"
            isEnabled = "YES">
         </CommandLineArgument>
         <CommandLineArgument
            argument = "-NBTestToken 9a888b2e71393a3c6b327b32366754287c813714ae51e0f7938a7ee608a064f1"
            isEnabled = "YES">
         </CommandLineArgument>
         <CommandLineArgument
            argument = "-NBClientIdentifier ca76d8aa658b4a0af4aba5599f4443bed47895025799a63f9f75669ebc67dd9d"
            isEnabled = "YES">
         </CommandLineArgument>
         <CommandLineArgument
            argument = "-NBClientSecret 6c63db2494d69f715157075d1794074a522990a97dc1324910d605c89859b4a8"
            isEnabled = "YES">
         </CommandLineArgument>
         <CommandLineArgument
            argument = "-NBUserEmailAddress help@nationbuilder.com"
            isEnabled = "YES">
         </CommandLineArgument>
         <CommandLineArgument
            argument = "-NBUserPassword password"
            isEnabled = "YES">
         </CommandLineArgument>
      </CommandLineArguments>
   </TestAction>
   <LaunchAction
      selectedDebuggerIdentifier = "Xcode.DebuggerFoundation.Debugger.LLDB"
      selectedLauncherIdentifier = "Xcode.DebuggerFoundation.Launcher.LLDB"
      launchStyle = "0"
      useCustomWorkingDirectory = "NO"
      buildConfiguration = "Debug"
      ignoresPersistentStateOnLaunch = "NO"
      debugDocumentVersioning = "YES"
      allowLocationSimulation = "YES">
      <MacroExpansion>
         <BuildableReference
            BuildableIdentifier = "primary"
            BlueprintIdentifier = "AAAEFC20196CD13D00222A48"
            BuildableName = "libNBClient.a"
            BlueprintName = "NBClient"
            ReferencedContainer = "container:NBClient.xcodeproj">
         </BuildableReference>
      </MacroExpansion>
      <AdditionalOptions>
      </AdditionalOptions>
   </LaunchAction>
   <ProfileAction
      shouldUseLaunchSchemeArgsEnv = "YES"
      savedToolIdentifier = ""
      useCustomWorkingDirectory = "NO"
      buildConfiguration = "Release"
      debugDocumentVersioning = "YES">
   </ProfileAction>
   <AnalyzeAction
      buildConfiguration = "Debug">
   </AnalyzeAction>
   <ArchiveAction
      buildConfiguration = "Release"
      revealArchiveInOrganizer = "YES">
   </ArchiveAction>
</Scheme>
